{
  "name": "node-prisma",
  "lockfileVersion": 3,
  "requires": true,
  "packages": {
    "": {
      "devDependencies": {
        "prisma": "^5.5.1"
      }
    },
    "node_modules/@prisma/engines": {
      "version": "5.5.1",
      "resolved": "https://registry.npmjs.org/@prisma/engines/-/engines-5.5.1.tgz",
      "integrity": "sha512-6P4bTYb7WCWwHW50tsJvZTeZIM7HotuwDEY61wAX46b69eMbuXTsNB9dquEmwKaiG7ggk+igOoH8chSO3+/VkQ==",
      "dev": true,
      "hasInstallScript": true
    },
    "node_modules/prisma": {
      "version": "5.5.1",
      "resolved": "https://registry.npmjs.org/prisma/-/prisma-5.5.1.tgz",
      "integrity": "sha512-6oln3L3/9kB9GqngIbSCpoXaZAk65y7hqEOj9g+9pkTYi/fVxCQzQ6ivnePVUoFhp/M1BBjexQepw1ODqnAC5Q==",
      "dev": true,
      "hasInstallScript": true,
      "dependencies": {
        "@prisma/engines": "5.5.1"
      },
      "bin": {
        "prisma": "build/index.js"
      },
      "engines": {
        "node": ">=16.13"
      }
    }
  }
}
